github.com/hugomods/images v0.10.1 h1:ok3ZUZ63MAcmFuTx2kC5JJ3Sffd420RRW9yO57SFeQA=
github.com/hugomods/images v0.10.1/go.mod h1:U6Gwj16LKvk66rOMyGFrnF6f0aV8lT89lqOsckOAjYY=
github.com/janraasch/hugo-bearblog v0.0.0-20240327120031-deb6530bbb8e h1:4zEnAzuUztz+Ie8ARzIrtS/sk8d5v8PkgNZ03mkvYwM=
github.com/janraasch/hugo-bearblog v0.0.0-20240327120031-deb6530bbb8e/go.mod h1:qVJ3S3qhkRf6smf5f8vveeV/QX3ui8poHckF6Ykt9AU=
